// !$*UTF8*$!
{
	archiveVersion = 1;
	classes = {
	};
	objectVersion = 46;
	objects = {

/* Begin PBXBuildFile section */
		A30BDF9A1B03961300DEBF28 /* main.m in Sources */ = {isa = PBXBuildFile; fileRef = A30BDF991B03961300DEBF28 /* main.m */; };
		A30BDF9D1B03961300DEBF28 /* AppDelegate.m in Sources */ = {isa = PBXBuildFile; fileRef = A30BDF9C1B03961300DEBF28 /* AppDelegate.m */; };
		A30BDFA01B03961300DEBF28 /* ViewController.m in Sources */ = {isa = PBXBuildFile; fileRef = A30BDF9F1B03961300DEBF28 /* ViewController.m */; };
		A30BDFA31B03961300DEBF28 /* Main.storyboard in Resources */ = {isa = PBXBuildFile; fileRef = A30BDFA11B03961300DEBF28 /* Main.storyboard */; };
		A30BDFA51B03961300DEBF28 /* Images.xcassets in Resources */ = {isa = PBXBuildFile; fileRef = A30BDFA41B03961300DEBF28 /* Images.xcassets */; };
		A30BDFA81B03961300DEBF28 /* LaunchScreen.xib in Resources */ = {isa = PBXBuildFile; fileRef = A30BDFA61B03961300DEBF28 /* LaunchScreen.xib */; };
		A30BDFB41B03961300DEBF28 /* IRSlideMenuControllerDemoTests.m in Sources */ = {isa = PBXBuildFile; fileRef = A30BDFB31B03961300DEBF28 /* IRSlideMenuControllerDemoTests.m */; };
		A30BDFBF1B03963900DEBF28 /* IRSlideMenuController.m in Sources */ = {isa = PBXBuildFile; fileRef = A30BDFBE1B03963900DEBF28 /* IRSlideMenuController.m */; };
		A30BDFC31B03A19900DEBF28 /* UIViewController+IRSlideMenuController.m in Sources */ = {isa = PBXBuildFile; fileRef = A30BDFC21B03A19900DEBF28 /* UIViewController+IRSlideMenuController.m */; };
		A30BDFC61B03AE7800DEBF28 /* SecondVC.m in Sources */ = {isa = PBXBuildFile; fileRef = A30BDFC51B03AE7800DEBF28 /* SecondVC.m */; };
		A30BDFC81B03B18300DEBF28 /* ReadMe.md in Sources */ = {isa = PBXBuildFile; fileRef = A30BDFC71B03B18300DEBF28 /* ReadMe.md */; };
/* End PBXBuildFile section */

/* Begin PBXContainerItemProxy section */
		A30BDFAE1B03961300DEBF28 /* PBXContainerItemProxy */ = {
			isa = PBXContainerItemProxy;
			containerPortal = A30BDF8C1B03961300DEBF28 /* Project object */;
			proxyType = 1;
			remoteGlobalIDString = A30BDF931B03961300DEBF28;
			remoteInfo = IRSlideMenuControllerDemo;
		};
/* End PBXContainerItemProxy section */

/* Begin PBXFileReference section */
		A30BDF941B03961300DEBF28 /* IRSlideMenuControllerDemo.app */ = {isa = PBXFileReference; explicitFileType = wrapper.application; includeInIndex = 0; path = IRSlideMenuControllerDemo.app; sourceTree = BUILT_PRODUCTS_DIR; };
		A30BDF981B03961300DEBF28 /* Info.plist */ = {isa = PBXFileReference; lastKnownFileType = text.plist.xml; path = Info.plist; sourceTree = "<group>"; };
		A30BDF991B03961300DEBF28 /* main.m */ = {isa = PBXFileReference; lastKnownFileType = sourcecode.c.objc; path = main.m; sourceTree = "<group>"; };
		A30BDF9B1B03961300DEBF28 /* AppDelegate.h */ = {isa = PBXFileReference; lastKnownFileType = sourcecode.c.h; path = AppDelegate.h; sourceTree = "<group>"; };
		A30BDF9C1B03961300DEBF28 /* AppDelegate.m */ = {isa = PBXFileReference; lastKnownFileType = sourcecode.c.objc; path = AppDelegate.m; sourceTree = "<group>"; };
		A30BDF9E1B03961300DEBF28 /* ViewController.h */ = {isa = PBXFileReference; lastKnownFileType = sourcecode.c.h; path = ViewController.h; sourceTree = "<group>"; };
		A30BDF9F1B03961300DEBF28 /* ViewController.m */ = {isa = PBXFileReference; lastKnownFileType = sourcecode.c.objc; path = ViewController.m; sourceTree = "<group>"; };
		A30BDFA21B03961300DEBF28 /* Base */ = {isa = PBXFileReference; lastKnownFileType = file.storyboard; name = Base; path = Base.lproj/Main.storyboard; sourceTree = "<group>"; };
		A30BDFA41B03961300DEBF28 /* Images.xcassets */ = {isa = PBXFileReference; lastKnownFileType = folder.assetcatalog; path = Images.xcassets; sourceTree = "<group>"; };
		A30BDFA71B03961300DEBF28 /* Base */ = {isa = PBXFileReference; lastKnownFileType = file.xib; name = Base; path = Base.lproj/LaunchScreen.xib; sourceTree = "<group>"; };
		A30BDFAD1B03961300DEBF28 /* IRSlideMenuControllerDemoTests.xctest */ = {isa = PBXFileReference; explicitFileType = wrapper.cfbundle; includeInIndex = 0; path = IRSlideMenuControllerDemoTests.xctest; sourceTree = BUILT_PRODUCTS_DIR; };
		A30BDFB21B03961300DEBF28 /* Info.plist */ = {isa = PBXFileReference; lastKnownFileType = text.plist.xml; path = Info.plist; sourceTree = "<group>"; };
		A30BDFB31B03961300DEBF28 /* IRSlideMenuControllerDemoTests.m */ = {isa = PBXFileReference; lastKnownFileType = sourcecode.c.objc; path = IRSlideMenuControllerDemoTests.m; sourceTree = "<group>"; };
		A30BDFBD1B03963900DEBF28 /* IRSlideMenuController.h */ = {isa = PBXFileReference; fileEncoding = 4; lastKnownFileType = sourcecode.c.h; name = IRSlideMenuController.h; path = IRSlideMenuController/IRSlideMenuController.h; sourceTree = "<group>"; };
		A30BDFBE1B03963900DEBF28 /* IRSlideMenuController.m */ = {isa = PBXFileReference; fileEncoding = 4; lastKnownFileType = sourcecode.c.objc; name = IRSlideMenuController.m; path = IRSlideMenuController/IRSlideMenuController.m; sourceTree = "<group>"; };
		A30BDFC11B03A19800DEBF28 /* UIViewController+IRSlideMenuController.h */ = {isa = PBXFileReference; fileEncoding = 4; lastKnownFileType = sourcecode.c.h; name = "UIViewController+IRSlideMenuController.h"; path = "IRSlideMenuController/UIViewController+IRSlideMenuController.h"; sourceTree = "<group>"; };
		A30BDFC21B03A19900DEBF28 /* UIViewController+IRSlideMenuController.m */ = {isa = PBXFileReference; fileEncoding = 4; lastKnownFileType = sourcecode.c.objc; name = "UIViewController+IRSlideMenuController.m"; path = "IRSlideMenuController/UIViewController+IRSlideMenuController.m"; sourceTree = "<group>"; };
		A30BDFC41B03AE7800DEBF28 /* SecondVC.h */ = {isa = PBXFileReference; fileEncoding = 4; lastKnownFileType = sourcecode.c.h; path = SecondVC.h; sourceTree = "<group>"; };
		A30BDFC51B03AE7800DEBF28 /* SecondVC.m */ = {isa = PBXFileReference; fileEncoding = 4; lastKnownFileType = sourcecode.c.objc; path = SecondVC.m; sourceTree = "<group>"; };
		A30BDFC71B03B18300DEBF28 /* ReadMe.md */ = {isa = PBXFileReference; fileEncoding = 4; lastKnownFileType = net.daringfireball.markdown; path = ReadMe.md; sourceTree = "<group>"; };
/* End PBXFileReference section */

/* Begin PBXFrameworksBuildPhase section */
		A30BDF911B03961300DEBF28 /* Frameworks */ = {
			isa = PBXFrameworksBuildPhase;
			buildActionMask = 2147483647;
			files = (
			);
			runOnlyForDeploymentPostprocessing = 0;
		};
		A30BDFAA1B03961300DEBF28 /* Frameworks */ = {
			isa = PBXFrameworksBuildPhase;
			buildActionMask = 2147483647;
			files = (
			);
			runOnlyForDeploymentPostprocessing = 0;
		};
/* End PBXFrameworksBuildPhase section */

/* Begin PBXGroup section */
		A30BDF8B1B03961300DEBF28 = {
			isa = PBXGroup;
			children = (
				A30BDFC71B03B18300DEBF28 /* ReadMe.md */,
				A30BDFC01B03A08800DEBF28 /* IRSlideMenuController */,
				A30BDF961B03961300DEBF28 /* IRSlideMenuControllerDemo */,
				A30BDFB01B03961300DEBF28 /* IRSlideMenuControllerDemoTests */,
				A30BDF951B03961300DEBF28 /* Products */,
			);
			sourceTree = "<group>";
		};
		A30BDF951B03961300DEBF28 /* Products */ = {
			isa = PBXGroup;
			children = (
				A30BDF941B03961300DEBF28 /* IRSlideMenuControllerDemo.app */,
				A30BDFAD1B03961300DEBF28 /* IRSlideMenuControllerDemoTests.xctest */,
			);
			name = Products;
			sourceTree = "<group>";
		};
		A30BDF961B03961300DEBF28 /* IRSlideMenuControllerDemo */ = {
			isa = PBXGroup;
			children = (
				A30BDF9B1B03961300DEBF28 /* AppDelegate.h */,
				A30BDF9C1B03961300DEBF28 /* AppDelegate.m */,
				A30BDF9E1B03961300DEBF28 /* ViewController.h */,
				A30BDF9F1B03961300DEBF28 /* ViewController.m */,
				A30BDFA11B03961300DEBF28 /* Main.storyboard */,
				A30BDFC41B03AE7800DEBF28 /* SecondVC.h */,
				A30BDFC51B03AE7800DEBF28 /* SecondVC.m */,
				A30BDFA41B03961300DEBF28 /* Images.xcassets */,
				A30BDFA61B03961300DEBF28 /* LaunchScreen.xib */,
				A30BDF971B03961300DEBF28 /* Supporting Files */,
			);
			path = IRSlideMenuControllerDemo;
			sourceTree = "<group>";
		};
		A30BDF971B03961300DEBF28 /* Supporting Files */ = {
			isa = PBXGroup;
			children = (
				A30BDF981B03961300DEBF28 /* Info.plist */,
				A30BDF991B03961300DEBF28 /* main.m */,
			);
			name = "Supporting Files";
			sourceTree = "<group>";
		};
		A30BDFB01B03961300DEBF28 /* IRSlideMenuControllerDemoTests */ = {
			isa = PBXGroup;
			children = (
				A30BDFB31B03961300DEBF28 /* IRSlideMenuControllerDemoTests.m */,
				A30BDFB11B03961300DEBF28 /* Supporting Files */,
			);
			path = IRSlideMenuControllerDemoTests;
			sourceTree = "<group>";
		};
		A30BDFB11B03961300DEBF28 /* Supporting Files */ = {
			isa = PBXGroup;
			children = (
				A30BDFB21B03961300DEBF28 /* Info.plist */,
			);
			name = "Supporting Files";
			sourceTree = "<group>";
		};
		A30BDFC01B03A08800DEBF28 /* IRSlideMenuController */ = {
			isa = PBXGroup;
			children = (
				A30BDFBD1B03963900DEBF28 /* IRSlideMenuController.h */,
				A30BDFBE1B03963900DEBF28 /* IRSlideMenuController.m */,
				A30BDFC11B03A19800DEBF28 /* UIViewController+IRSlideMenuController.h */,
				A30BDFC21B03A19900DEBF28 /* UIViewController+IRSlideMenuController.m */,
			);
			name = IRSlideMenuController;
			sourceTree = "<group>";
		};
/* End PBXGroup section */

/* Begin PBXNativeTarget section */
		A30BDF931B03961300DEBF28 /* IRSlideMenuControllerDemo */ = {
			isa = PBXNativeTarget;
			buildConfigurationList = A30BDFB71B03961300DEBF28 /* Build configuration list for PBXNativeTarget "IRSlideMenuControllerDemo" */;
			buildPhases = (
				A30BDF901B03961300DEBF28 /* Sources */,
				A30BDF911B03961300DEBF28 /* Frameworks */,
				A30BDF921B03961300DEBF28 /* Resources */,
			);
			buildRules = (
			);
			dependencies = (
			);
			name = IRSlideMenuControllerDemo;
			productName = IRSlideMenuControllerDemo;
			productReference = A30BDF941B03961300DEBF28 /* IRSlideMenuControllerDemo.app */;
			productType = "com.apple.product-type.application";
		};
		A30BDFAC1B03961300DEBF28 /* IRSlideMenuControllerDemoTests */ = {
			isa = PBXNativeTarget;
			buildConfigurationList = A30BDFBA1B03961300DEBF28 /* Build configuration list for PBXNativeTarget "IRSlideMenuControllerDemoTests" */;
			buildPhases = (
				A30BDFA91B03961300DEBF28 /* Sources */,
				A30BDFAA1B03961300DEBF28 /* Frameworks */,
				A30BDFAB1B03961300DEBF28 /* Resources */,
			);
			buildRules = (
			);
			dependencies = (
				A30BDFAF1B03961300DEBF28 /* PBXTargetDependency */,
			);
			name = IRSlideMenuControllerDemoTests;
			productName = IRSlideMenuControllerDemoTests;
			productReference = A30BDFAD1B03961300DEBF28 /* IRSlideMenuControllerDemoTests.xctest */;
			productType = "com.apple.product-type.bundle.unit-test";
		};
/* End PBXNativeTarget section */

/* Begin PBXProject section */
		A30BDF8C1B03961300DEBF28 /* Project object */ = {
			isa = PBXProject;
			attributes = {
				LastUpgradeCheck = 0630;
				ORGANIZATIONNAME = "iReka Soft";
				TargetAttributes = {
					A30BDF931B03961300DEBF28 = {
						CreatedOnToolsVersion = 6.3.1;
					};
					A30BDFAC1B03961300DEBF28 = {
						CreatedOnToolsVersion = 6.3.1;
						TestTargetID = A30BDF931B03961300DEBF28;
					};
				};
			};
			buildConfigurationList = A30BDF8F1B03961300DEBF28 /* Build configuration list for PBXProject "IRSlideMenuControllerDemo" */;
			compatibilityVersion = "Xcode 3.2";
			developmentRegion = English;
			hasScannedForEncodings = 0;
			knownRegions = (
				en,
				Base,
			);
			mainGroup = A30BDF8B1B03961300DEBF28;
			productRefGroup = A30BDF951B03961300DEBF28 /* Products */;
			projectDirPath = "";
			projectRoot = "";
			targets = (
				A30BDF931B03961300DEBF28 /* IRSlideMenuControllerDemo */,
				A30BDFAC1B03961300DEBF28 /* IRSlideMenuControllerDemoTests */,
			);
		};
/* End PBXProject section */

/* Begin PBXResourcesBuildPhase section */
		A30BDF921B03961300DEBF28 /* Resources */ = {
			isa = PBXResourcesBuildPhase;
			buildActionMask = 2147483647;
			files = (
				A30BDFA31B03961300DEBF28 /* Main.storyboard in Resources */,
				A30BDFA81B03961300DEBF28 /* LaunchScreen.xib in Resources */,
				A30BDFA51B03961300DEBF28 /* Images.xcassets in Resources */,
			);
			runOnlyForDeploymentPostprocessing = 0;
		};
		A30BDFAB1B03961300DEBF28 /* Resources */ = {
			isa = PBXResourcesBuildPhase;
			buildActionMask = 2147483647;
			files = (
			);
			runOnlyForDeploymentPostprocessing = 0;
		};
/* End PBXResourcesBuildPhase section */

/* Begin PBXSourcesBuildPhase section */
		A30BDF901B03961300DEBF28 /* Sources */ = {
			isa = PBXSourcesBuildPhase;
			buildActionMask = 2147483647;
			files = (
				A30BDFC31B03A19900DEBF28 /* UIViewController+IRSlideMenuController.m in Sources */,
				A30BDFA01B03961300DEBF28 /* ViewController.m in Sources */,
				A30BDF9D1B03961300DEBF28 /* AppDelegate.m in Sources */,
				A30BDF9A1B03961300DEBF28 /* main.m in Sources */,
				A30BDFC61B03AE7800DEBF28 /* SecondVC.m in Sources */,
				A30BDFC81B03B18300DEBF28 /* ReadMe.md in Sources */,
				A30BDFBF1B03963900DEBF28 /* IRSlideMenuController.m in Sources */,
			);
			runOnlyForDeploymentPostprocessing = 0;
		};
		A30BDFA91B03961300DEBF28 /* Sources */ = {
			isa = PBXSourcesBuildPhase;
			buildActionMask = 2147483647;
			files = (
				A30BDFB41B03961300DEBF28 /* IRSlideMenuControllerDemoTests.m in Sources */,
			);
			runOnlyForDeploymentPostprocessing = 0;
		};
/* End PBXSourcesBuildPhase section */

/* Begin PBXTargetDependency section */
		A30BDFAF1B03961300DEBF28 /* PBXTargetDependency */ = {
			isa = PBXTargetDependency;
			target = A30BDF931B03961300DEBF28 /* IRSlideMenuControllerDemo */;
			targetProxy = A30BDFAE1B03961300DEBF28 /* PBXContainerItemProxy */;
		};
/* End PBXTargetDependency section */

/* Begin PBXVariantGroup section */
		A30BDFA11B03961300DEBF28 /* Main.storyboard */ = {
			isa = PBXVariantGroup;
			children = (
				A30BDFA21B03961300DEBF28 /* Base */,
			);
			name = Main.storyboard;
			sourceTree = "<group>";
		};
		A30BDFA61B03961300DEBF28 /* LaunchScreen.xib */ = {
			isa = PBXVariantGroup;
			children = (
				A30BDFA71B03961300DEBF28 /* Base */,
			);
			name = LaunchScreen.xib;
			sourceTree = "<group>";
		};
/* End PBXVariantGroup section */

/* Begin XCBuildConfiguration section */
		A30BDFB51B03961300DEBF28 /* Debug */ = {
			isa = XCBuildConfiguration;
			buildSettings = {
				ALWAYS_SEARCH_USER_PATHS = NO;
				CLANG_CXX_LANGUAGE_STANDARD = "gnu++0x";
				CLANG_CXX_LIBRARY = "libc++";
				CLANG_ENABLE_MODULES = YES;
				CLANG_ENABLE_OBJC_ARC = YES;
				CLANG_WARN_BOOL_CONVERSION = YES;
				CLANG_WARN_CONSTANT_CONVERSION = YES;
				CLANG_WARN_DIRECT_OBJC_ISA_USAGE = YES_ERROR;
				CLANG_WARN_EMPTY_BODY = YES;
				CLANG_WARN_ENUM_CONVERSION = YES;
				CLANG_WARN_INT_CONVERSION = YES;
				CLANG_WARN_OBJC_ROOT_CLASS = YES_ERROR;
				CLANG_WARN_UNREACHABLE_CODE = YES;
				CLANG_WARN__DUPLICATE_METHOD_MATCH = YES;
				"CODE_SIGN_IDENTITY[sdk=iphoneos*]" = "iPhone Developer";
				COPY_PHASE_STRIP = NO;
				DEBUG_INFORMATION_FORMAT = "dwarf-with-dsym";
				ENABLE_STRICT_OBJC_MSGSEND = YES;
				GCC_C_LANGUAGE_STANDARD = gnu99;
				GCC_DYNAMIC_NO_PIC = NO;
				GCC_NO_COMMON_BLOCKS = YES;
				GCC_OPTIMIZATION_LEVEL = 0;
				GCC_PREPROCESSOR_DEFINITIONS = (
					"DEBUG=1",
					"$(inherited)",
				);
				GCC_SYMBOLS_PRIVATE_EXTERN = NO;
				GCC_WARN_64_TO_32_BIT_CONVERSION = YES;
				GCC_WARN_ABOUT_RETURN_TYPE = YES_ERROR;
				GCC_WARN_UNDECLARED_SELECTOR = YES;
				GCC_WARN_UNINITIALIZED_AUTOS = YES_AGGRESSIVE;
				GCC_WARN_UNUSED_FUNCTION = YES;
				GCC_WARN_UNUSED_VARIABLE = YES;
				IPHONEOS_DEPLOYMENT_TARGET = 8.3;
				MTL_ENABLE_DEBUG_INFO = YES;
				ONLY_ACTIVE_ARCH = YES;
				SDKROOT = iphoneos;
				TARGETED_DEVICE_FAMILY = "1,2";
			};
			name = Debug;
		};
		A30BDFB61B03961300DEBF28 /* Release */ = {
			isa = XCBuildConfiguration;
			buildSettings = {
				ALWAYS_SEARCH_USER_PATHS = NO;
				CLANG_CXX_LANGUAGE_STANDARD = "gnu++0x";
				CLANG_CXX_LIBRARY = "libc++";
				CLANG_ENABLE_MODULES = YES;
				CLANG_ENABLE_OBJC_ARC = YES;
				CLANG_WARN_BOOL_CONVERSION = YES;
				CLANG_WARN_CONSTANT_CONVERSION = YES;
				CLANG_WARN_DIRECT_OBJC_ISA_USAGE = YES_ERROR;
				CLANG_WARN_EMPTY_BODY = YES;
				CLANG_WARN_ENUM_CONVERSION = YES;
				CLANG_WARN_INT_CONVERSION = YES;
				CLANG_WARN_OBJC_ROOT_CLASS = YES_ERROR;
				CLANG_WARN_UNREACHABLE_CODE = YES;
				CLANG_WARN__DUPLICATE_METHOD_MATCH = YES;
				"CODE_SIGN_IDENTITY[sdk=iphoneos*]" = "iPhone Developer";
				COPY_PHASE_STRIP = NO;
				DEBUG_INFORMATION_FORMAT = "dwarf-with-dsym";
				ENABLE_NS_ASSERTIONS = NO;
				ENABLE_STRICT_OBJC_MSGSEND = YES;
				GCC_C_LANGUAGE_STANDARD = gnu99;
				GCC_NO_COMMON_BLOCKS = YES;
				GCC_WARN_64_TO_32_BIT_CONVERSION = YES;
				GCC_WARN_ABOUT_RETURN_TYPE = YES_ERROR;
				GCC_WARN_UNDECLARED_SELECTOR = YES;
				GCC_WARN_UNINITIALIZED_AUTOS = YES_AGGRESSIVE;
				GCC_WARN_UNUSED_FUNCTION = YES;
				GCC_WARN_UNUSED_VARIABLE = YES;
				IPHONEOS_DEPLOYMENT_TARGET = 8.3;
				MTL_ENABLE_DEBUG_INFO = NO;
				SDKROOT = iphoneos;
				TARGETED_DEVICE_FAMILY = "1,2";
				VALIDATE_PRODUCT = YES;
			};
			name = Release;
		};
		A30BDFB81B03961300DEBF28 /* Debug */ = {
			isa = XCBuildConfiguration;
			buildSettings = {
				ASSETCATALOG_COMPILER_APPICON_NAME = AppIcon;
				INFOPLIST_FILE = IRSlideMenuControllerDemo/Info.plist;
				LD_RUNPATH_SEARCH_PATHS = "$(inherited) @executable_path/Frameworks";
				PRODUCT_NAME = "$(TARGET_NAME)";
			};
			name = Debug;
		};
		A30BDFB91B03961300DEBF28 /* Release */ = {
			isa = XCBuildConfiguration;
			buildSettings = {
				ASSETCATALOG_COMPILER_APPICON_NAME = AppIcon;
				INFOPLIST_FILE = IRSlideMenuControllerDemo/Info.plist;
				LD_RUNPATH_SEARCH_PATHS = "$(inherited) @executable_path/Frameworks";
				PRODUCT_NAME = "$(TARGET_NAME)";
			};
			name = Release;
		};
		A30BDFBB1B03961300DEBF28 /* Debug */ = {
			isa = XCBuildConfiguration;
			buildSettings = {
				BUNDLE_LOADER = "$(TEST_HOST)";
				FRAMEWORK_SEARCH_PATHS = (
					"$(SDKROOT)/Developer/Library/Frameworks",
					"$(inherited)",
				);
				GCC_PREPROCESSOR_DEFINITIONS = (
					"DEBUG=1",
					"$(inherited)",
				);
				INFOPLIST_FILE = IRSlideMenuControllerDemoTests/Info.plist;
				LD_RUNPATH_SEARCH_PATHS = "$(inherited) @executable_path/Frameworks @loader_path/Frameworks";
				PRODUCT_NAME = "$(TARGET_NAME)";
				TEST_HOST = "$(BUILT_PRODUCTS_DIR)/IRSlideMenuControllerDemo.app/IRSlideMenuControllerDemo";
			};
			name = Debug;
		};
		A30BDFBC1B03961300DEBF28 /* Release */ = {
			isa = XCBuildConfiguration;
			buildSettings = {
				BUNDLE_LOADER = "$(TEST_HOST)";
				FRAMEWORK_SEARCH_PATHS = (
					"$(SDKROOT)/Developer/Library/Frameworks",
					"$(inherited)",
				);
				INFOPLIST_FILE = IRSlideMenuControllerDemoTests/Info.plist;
				LD_RUNPATH_SEARCH_PATHS = "$(inherited) @executable_path/Frameworks @loader_path/Frameworks";
				PRODUCT_NAME = "$(TARGET_NAME)";
				TEST_HOST = "$(BUILT_PRODUCTS_DIR)/IRSlideMenuControllerDemo.app/IRSlideMenuControllerDemo";
			};
			name = Release;
		};
/* End XCBuildConfiguration section */

/* Begin XCConfigurationList section */
		A30BDF8F1B03961300DEBF28 /* Build configuration list for PBXProject "IRSlideMenuControllerDemo" */ = {
			isa = XCConfigurationList;
			buildConfigurations = (
				A30BDFB51B03961300DEBF28 /* Debug */,
				A30BDFB61B03961300DEBF28 /* Release */,
			);
			defaultConfigurationIsVisible = 0;
			defaultConfigurationName = Release;
		};
		A30BDFB71B03961300DEBF28 /* Build configuration list for PBXNativeTarget "IRSlideMenuControllerDemo" */ = {
			isa = XCConfigurationList;
			buildConfigurations = (
				A30BDFB81B03961300DEBF28 /* Debug */,
				A30BDFB91B03961300DEBF28 /* Release */,
			);
			defaultConfigurationIsVisible = 0;
		};
		A30BDFBA1B03961300DEBF28 /* Build configuration list for PBXNativeTarget "IRSlideMenuControllerDemoTests" */ = {
			isa = XCConfigurationList;
			buildConfigurations = (
				A30BDFBB1B03961300DEBF28 /* Debug */,
				A30BDFBC1B03961300DEBF28 /* Release */,
			);
			defaultConfigurationIsVisible = 0;
		};
/* End XCConfigurationList section */
	};
	rootObject = A30BDF8C1B03961300DEBF28 /* Project object */;
}
